
Microsoft Visual Studio Solution File, Format Version 12.00
# Visual Studio Version 17
VisualStudioVersion = 17.4.33213.308
MinimumVisualStudioVersion = 10.0.40219.1
Project("{FAE04EC0-301F-11D3-BF4B-00C04F79EFBC}") = "Day5", "Day5\Day5.csproj", "{29CC0919-2AAC-423E-AB79-5C8E3F818693}"
EndProject
Global
	GlobalSection(SolutionConfigurationPlatforms) = preSolution
		Debug|Any CPU = Debug|Any CPU
		Release|Any CPU = Release|Any CPU
	EndGlobalSection
	GlobalSection(ProjectConfigurationPlatforms) = postSolution
		{29CC0919-2AAC-423E-AB79-5C8E3F818693}.Debug|Any CPU.ActiveCfg = Debug|Any CPU
		{29CC0919-2AAC-423E-AB79-5C8E3F818693}.Debug|Any CPU.Build.0 = Debug|Any CPU
		{29CC0919-2AAC-423E-AB79-5C8E3F818693}.Release|Any CPU.ActiveCfg = Release|Any CPU
		{29CC0919-2AAC-423E-AB79-5C8E3F818693}.Release|Any CPU.Build.0 = Release|Any CPU
	EndGlobalSection
	GlobalSection(SolutionProperties) = preSolution
		HideSolutionNode = FALSE
	EndGlobalSection
	GlobalSection(ExtensibilityGlobals) = postSolution
		SolutionGuid = {584E19E3-C761-45C5-A333-F8A17C5114E9}
	EndGlobalSection
EndGlobal
